// !$*UTF8*$!
{
	archiveVersion = 1;
	classes = {
	};
	objectVersion = 46;
	objects = {

/* Begin PBXBuildFile section */
		583179591ED810DD00D33416 /* main.m in Sources */ = {isa = PBXBuildFile; fileRef = 583179581ED810DD00D33416 /* main.m */; };
		5831795C1ED810DD00D33416 /* AppDelegate.m in Sources */ = {isa = PBXBuildFile; fileRef = 5831795B1ED810DD00D33416 /* AppDelegate.m */; };
		5831795F1ED810DD00D33416 /* ViewController.m in Sources */ = {isa = PBXBuildFile; fileRef = 5831795E1ED810DD00D33416 /* ViewController.m */; };
		583179621ED810DD00D33416 /* Main.storyboard in Resources */ = {isa = PBXBuildFile; fileRef = 583179601ED810DD00D33416 /* Main.storyboard */; };
		583179641ED810DD00D33416 /* Assets.xcassets in Resources */ = {isa = PBXBuildFile; fileRef = 583179631ED810DD00D33416 /* Assets.xcassets */; };
		583179671ED810DD00D33416 /* LaunchScreen.storyboard in Resources */ = {isa = PBXBuildFile; fileRef = 583179651ED810DD00D33416 /* LaunchScreen.storyboard */; };
		583179751ED813C700D33416 /* SCWebBrowserView.m in Sources */ = {isa = PBXBuildFile; fileRef = 583179741ED813C700D33416 /* SCWebBrowserView.m */; };
		583179781ED91FCC00D33416 /* WebKit.framework in Frameworks */ = {isa = PBXBuildFile; fileRef = 583179771ED91FCC00D33416 /* WebKit.framework */; };
		5831797A1ED92DA300D33416 /* WebViewTest.html in Resources */ = {isa = PBXBuildFile; fileRef = 583179791ED92DA300D33416 /* WebViewTest.html */; };
/* End PBXBuildFile section */

/* Begin PBXFileReference section */
		583179541ED810DD00D33416 /* ObjcExample.app */ = {isa = PBXFileReference; explicitFileType = wrapper.application; includeInIndex = 0; path = ObjcExample.app; sourceTree = BUILT_PRODUCTS_DIR; };
		583179581ED810DD00D33416 /* main.m */ = {isa = PBXFileReference; lastKnownFileType = sourcecode.c.objc; path = main.m; sourceTree = "<group>"; };
		5831795A1ED810DD00D33416 /* AppDelegate.h */ = {isa = PBXFileReference; lastKnownFileType = sourcecode.c.h; path = AppDelegate.h; sourceTree = "<group>"; };
		5831795B1ED810DD00D33416 /* AppDelegate.m */ = {isa = PBXFileReference; lastKnownFileType = sourcecode.c.objc; path = AppDelegate.m; sourceTree = "<group>"; };
		5831795D1ED810DD00D33416 /* ViewController.h */ = {isa = PBXFileReference; lastKnownFileType = sourcecode.c.h; path = ViewController.h; sourceTree = "<group>"; };
		5831795E1ED810DD00D33416 /* ViewController.m */ = {isa = PBXFileReference; lastKnownFileType = sourcecode.c.objc; path = ViewController.m; sourceTree = "<group>"; };
		583179611ED810DD00D33416 /* Base */ = {isa = PBXFileReference; lastKnownFileType = file.storyboard; name = Base; path = Base.lproj/Main.storyboard; sourceTree = "<group>"; };
		583179631ED810DD00D33416 /* Assets.xcassets */ = {isa = PBXFileReference; lastKnownFileType = folder.assetcatalog; path = Assets.xcassets; sourceTree = "<group>"; };
		583179661ED810DD00D33416 /* Base */ = {isa = PBXFileReference; lastKnownFileType = file.storyboard; name = Base; path = Base.lproj/LaunchScreen.storyboard; sourceTree = "<group>"; };
		583179681ED810DD00D33416 /* Info.plist */ = {isa = PBXFileReference; lastKnownFileType = text.plist.xml; path = Info.plist; sourceTree = "<group>"; };
		583179731ED813C700D33416 /* SCWebBrowserView.h */ = {isa = PBXFileReference; fileEncoding = 4; lastKnownFileType = sourcecode.c.h; path = SCWebBrowserView.h; sourceTree = "<group>"; };
		583179741ED813C700D33416 /* SCWebBrowserView.m */ = {isa = PBXFileReference; fileEncoding = 4; lastKnownFileType = sourcecode.c.objc; path = SCWebBrowserView.m; sourceTree = "<group>"; };
		583179771ED91FCC00D33416 /* WebKit.framework */ = {isa = PBXFileReference; lastKnownFileType = wrapper.framework; name = WebKit.framework; path = System/Library/Frameworks/WebKit.framework; sourceTree = SDKROOT; };
		583179791ED92DA300D33416 /* WebViewTest.html */ = {isa = PBXFileReference; fileEncoding = 4; lastKnownFileType = text.html; path = WebViewTest.html; sourceTree = "<group>"; };
/* End PBXFileReference section */

/* Begin PBXFrameworksBuildPhase section */
		583179511ED810DD00D33416 /* Frameworks */ = {
			isa = PBXFrameworksBuildPhase;
			buildActionMask = 2147483647;
			files = (
				583179781ED91FCC00D33416 /* WebKit.framework in Frameworks */,
			);
			runOnlyForDeploymentPostprocessing = 0;
		};
/* End PBXFrameworksBuildPhase section */

/* Begin PBXGroup section */
		5831794B1ED810DD00D33416 = {
			isa = PBXGroup;
			children = (
				583179561ED810DD00D33416 /* ObjcExample */,
				583179551ED810DD00D33416 /* Products */,
				583179761ED91FCC00D33416 /* Frameworks */,
			);
			sourceTree = "<group>";
		};
		583179551ED810DD00D33416 /* Products */ = {
			isa = PBXGroup;
			children = (
				583179541ED810DD00D33416 /* ObjcExample.app */,
			);
			name = Products;
			sourceTree = "<group>";
		};
		583179561ED810DD00D33416 /* ObjcExample */ = {
			isa = PBXGroup;
			children = (
				583179791ED92DA300D33416 /* WebViewTest.html */,
				583179721ED813C700D33416 /* SCWebBrowserView */,
				5831795A1ED810DD00D33416 /* AppDelegate.h */,
				5831795B1ED810DD00D33416 /* AppDelegate.m */,
				5831795D1ED810DD00D33416 /* ViewController.h */,
				5831795E1ED810DD00D33416 /* ViewController.m */,
				583179601ED810DD00D33416 /* Main.storyboard */,
				583179631ED810DD00D33416 /* Assets.xcassets */,
				583179651ED810DD00D33416 /* LaunchScreen.storyboard */,
				583179681ED810DD00D33416 /* Info.plist */,
				583179571ED810DD00D33416 /* Supporting Files */,
			);
			path = ObjcExample;
			sourceTree = "<group>";
		};
		583179571ED810DD00D33416 /* Supporting Files */ = {
			isa = PBXGroup;
			children = (
				583179581ED810DD00D33416 /* main.m */,
			);
			name = "Supporting Files";
			sourceTree = "<group>";
		};
		583179721ED813C700D33416 /* SCWebBrowserView */ = {
			isa = PBXGroup;
			children = (
				583179731ED813C700D33416 /* SCWebBrowserView.h */,
				583179741ED813C700D33416 /* SCWebBrowserView.m */,
			);
			path = SCWebBrowserView;
			sourceTree = SOURCE_ROOT;
		};
		583179761ED91FCC00D33416 /* Frameworks */ = {
			isa = PBXGroup;
			children = (
				583179771ED91FCC00D33416 /* WebKit.framework */,
			);
			name = Frameworks;
			sourceTree = "<group>";
		};
/* End PBXGroup section */

/* Begin PBXNativeTarget section */
		583179531ED810DD00D33416 /* ObjcExample */ = {
			isa = PBXNativeTarget;
			buildConfigurationList = 5831796B1ED810DD00D33416 /* Build configuration list for PBXNativeTarget "ObjcExample" */;
			buildPhases = (
				583179501ED810DD00D33416 /* Sources */,
				583179511ED810DD00D33416 /* Frameworks */,
				583179521ED810DD00D33416 /* Resources */,
			);
			buildRules = (
			);
			dependencies = (
			);
			name = ObjcExample;
			productName = ObjcExample;
			productReference = 583179541ED810DD00D33416 /* ObjcExample.app */;
			productType = "com.apple.product-type.application";
		};
/* End PBXNativeTarget section */

/* Begin PBXProject section */
		5831794C1ED810DD00D33416 /* Project object */ = {
			isa = PBXProject;
			attributes = {
				LastUpgradeCheck = 0820;
				ORGANIZATIONNAME = ShannonChen;
				TargetAttributes = {
					583179531ED810DD00D33416 = {
						CreatedOnToolsVersion = 8.2.1;
						DevelopmentTeam = L32PN8QKLZ;
						ProvisioningStyle = Automatic;
					};
				};
			};
			buildConfigurationList = 5831794F1ED810DD00D33416 /* Build configuration list for PBXProject "ObjcExample" */;
			compatibilityVersion = "Xcode 3.2";
			developmentRegion = English;
			hasScannedForEncodings = 0;
			knownRegions = (
				en,
				Base,
			);
			mainGroup = 5831794B1ED810DD00D33416;
			productRefGroup = 583179551ED810DD00D33416 /* Products */;
			projectDirPath = "";
			projectRoot = "";
			targets = (
				583179531ED810DD00D33416 /* ObjcExample */,
			);
		};
/* End PBXProject section */

/* Begin PBXResourcesBuildPhase section */
		583179521ED810DD00D33416 /* Resources */ = {
			isa = PBXResourcesBuildPhase;
			buildActionMask = 2147483647;
			files = (
				5831797A1ED92DA300D33416 /* WebViewTest.html in Resources */,
				583179671ED810DD00D33416 /* LaunchScreen.storyboard in Resources */,
				583179641ED810DD00D33416 /* Assets.xcassets in Resources */,
				583179621ED810DD00D33416 /* Main.storyboard in Resources */,
			);
			runOnlyForDeploymentPostprocessing = 0;
		};
/* End PBXResourcesBuildPhase section */

/* Begin PBXSourcesBuildPhase section */
		583179501ED810DD00D33416 /* Sources */ = {
			isa = PBXSourcesBuildPhase;
			buildActionMask = 2147483647;
			files = (
				583179751ED813C700D33416 /* SCWebBrowserView.m in Sources */,
				5831795F1ED810DD00D33416 /* ViewController.m in Sources */,
				5831795C1ED810DD00D33416 /* AppDelegate.m in Sources */,
				583179591ED810DD00D33416 /* main.m in Sources */,
			);
			runOnlyForDeploymentPostprocessing = 0;
		};
/* End PBXSourcesBuildPhase section */

/* Begin PBXVariantGroup section */
		583179601ED810DD00D33416 /* Main.storyboard */ = {
			isa = PBXVariantGroup;
			children = (
				583179611ED810DD00D33416 /* Base */,
			);
			name = Main.storyboard;
			sourceTree = "<group>";
		};
		583179651ED810DD00D33416 /* LaunchScreen.storyboard */ = {
			isa = PBXVariantGroup;
			children = (
				583179661ED810DD00D33416 /* Base */,
			);
			name = LaunchScreen.storyboard;
			sourceTree = "<group>";
		};
/* End PBXVariantGroup section */

/* Begin XCBuildConfiguration section */
		583179691ED810DD00D33416 /* Debug */ = {
			isa = XCBuildConfiguration;
			buildSettings = {
				ALWAYS_SEARCH_USER_PATHS = NO;
				CLANG_ANALYZER_NONNULL = YES;
				CLANG_CXX_LANGUAGE_STANDARD = "gnu++0x";
				CLANG_CXX_LIBRARY = "libc++";
				CLANG_ENABLE_MODULES = YES;
				CLANG_ENABLE_OBJC_ARC = YES;
				CLANG_WARN_BOOL_CONVERSION = YES;
				CLANG_WARN_CONSTANT_CONVERSION = YES;
				CLANG_WARN_DIRECT_OBJC_ISA_USAGE = YES_ERROR;
				CLANG_WARN_DOCUMENTATION_COMMENTS = YES;
				CLANG_WARN_EMPTY_BODY = YES;
				CLANG_WARN_ENUM_CONVERSION = YES;
				CLANG_WARN_INFINITE_RECURSION = YES;
				CLANG_WARN_INT_CONVERSION = YES;
				CLANG_WARN_OBJC_ROOT_CLASS = YES_ERROR;
				CLANG_WARN_SUSPICIOUS_MOVE = YES;
				CLANG_WARN_UNREACHABLE_CODE = YES;
				CLANG_WARN__DUPLICATE_METHOD_MATCH = YES;
				"CODE_SIGN_IDENTITY[sdk=iphoneos*]" = "iPhone Developer";
				COPY_PHASE_STRIP = NO;
				DEBUG_INFORMATION_FORMAT = dwarf;
				ENABLE_STRICT_OBJC_MSGSEND = YES;
				ENABLE_TESTABILITY = YES;
				GCC_C_LANGUAGE_STANDARD = gnu99;
				GCC_DYNAMIC_NO_PIC = NO;
				GCC_NO_COMMON_BLOCKS = YES;
				GCC_OPTIMIZATION_LEVEL = 0;
				GCC_PREPROCESSOR_DEFINITIONS = (
					"DEBUG=1",
					"$(inherited)",
				);
				GCC_WARN_64_TO_32_BIT_CONVERSION = YES;
				GCC_WARN_ABOUT_RETURN_TYPE = YES_ERROR;
				GCC_WARN_UNDECLARED_SELECTOR = YES;
				GCC_WARN_UNINITIALIZED_AUTOS = YES_AGGRESSIVE;
				GCC_WARN_UNUSED_FUNCTION = YES;
				GCC_WARN_UNUSED_VARIABLE = YES;
				IPHONEOS_DEPLOYMENT_TARGET = 10.2;
				MTL_ENABLE_DEBUG_INFO = YES;
				ONLY_ACTIVE_ARCH = YES;
				SDKROOT = iphoneos;
			};
			name = Debug;
		};
		5831796A1ED810DD00D33416 /* Release */ = {
			isa = XCBuildConfiguration;
			buildSettings = {
				ALWAYS_SEARCH_USER_PATHS = NO;
				CLANG_ANALYZER_NONNULL = YES;
				CLANG_CXX_LANGUAGE_STANDARD = "gnu++0x";
				CLANG_CXX_LIBRARY = "libc++";
				CLANG_ENABLE_MODULES = YES;
				CLANG_ENABLE_OBJC_ARC = YES;
				CLANG_WARN_BOOL_CONVERSION = YES;
				CLANG_WARN_CONSTANT_CONVERSION = YES;
				CLANG_WARN_DIRECT_OBJC_ISA_USAGE = YES_ERROR;
				CLANG_WARN_DOCUMENTATION_COMMENTS = YES;
				CLANG_WARN_EMPTY_BODY = YES;
				CLANG_WARN_ENUM_CONVERSION = YES;
				CLANG_WARN_INFINITE_RECURSION = YES;
				CLANG_WARN_INT_CONVERSION = YES;
				CLANG_WARN_OBJC_ROOT_CLASS = YES_ERROR;
				CLANG_WARN_SUSPICIOUS_MOVE = YES;
				CLANG_WARN_UNREACHABLE_CODE = YES;
				CLANG_WARN__DUPLICATE_METHOD_MATCH = YES;
				"CODE_SIGN_IDENTITY[sdk=iphoneos*]" = "iPhone Developer";
				COPY_PHASE_STRIP = NO;
				DEBUG_INFORMATION_FORMAT = "dwarf-with-dsym";
				ENABLE_NS_ASSERTIONS = NO;
				ENABLE_STRICT_OBJC_MSGSEND = YES;
				GCC_C_LANGUAGE_STANDARD = gnu99;
				GCC_NO_COMMON_BLOCKS = YES;
				GCC_WARN_64_TO_32_BIT_CONVERSION = YES;
				GCC_WARN_ABOUT_RETURN_TYPE = YES_ERROR;
				GCC_WARN_UNDECLARED_SELECTOR = YES;
				GCC_WARN_UNINITIALIZED_AUTOS = YES_AGGRESSIVE;
				GCC_WARN_UNUSED_FUNCTION = YES;
				GCC_WARN_UNUSED_VARIABLE = YES;
				IPHONEOS_DEPLOYMENT_TARGET = 10.2;
				MTL_ENABLE_DEBUG_INFO = NO;
				SDKROOT = iphoneos;
				VALIDATE_PRODUCT = YES;
			};
			name = Release;
		};
		5831796C1ED810DD00D33416 /* Debug */ = {
			isa = XCBuildConfiguration;
			buildSettings = {
				ASSETCATALOG_COMPILER_APPICON_NAME = AppIcon;
				DEVELOPMENT_TEAM = L32PN8QKLZ;
				INFOPLIST_FILE = ObjcExample/Info.plist;
				IPHONEOS_DEPLOYMENT_TARGET = 7.0;
				LD_RUNPATH_SEARCH_PATHS = "$(inherited) @executable_path/Frameworks";
				PRODUCT_BUNDLE_IDENTIFIER = com.ShannonChen.ObjcExample;
				PRODUCT_NAME = "$(TARGET_NAME)";
			};
			name = Debug;
		};
		5831796D1ED810DD00D33416 /* Release */ = {
			isa = XCBuildConfiguration;
			buildSettings = {
				ASSETCATALOG_COMPILER_APPICON_NAME = AppIcon;
				DEVELOPMENT_TEAM = L32PN8QKLZ;
				INFOPLIST_FILE = ObjcExample/Info.plist;
				IPHONEOS_DEPLOYMENT_TARGET = 7.0;
				LD_RUNPATH_SEARCH_PATHS = "$(inherited) @executable_path/Frameworks";
				PRODUCT_BUNDLE_IDENTIFIER = com.ShannonChen.ObjcExample;
				PRODUCT_NAME = "$(TARGET_NAME)";
			};
			name = Release;
		};
/* End XCBuildConfiguration section */

/* Begin XCConfigurationList section */
		5831794F1ED810DD00D33416 /* Build configuration list for PBXProject "ObjcExample" */ = {
			isa = XCConfigurationList;
			buildConfigurations = (
				583179691ED810DD00D33416 /* Debug */,
				5831796A1ED810DD00D33416 /* Release */,
			);
			defaultConfigurationIsVisible = 0;
			defaultConfigurationName = Release;
		};
		5831796B1ED810DD00D33416 /* Build configuration list for PBXNativeTarget "ObjcExample" */ = {
			isa = XCConfigurationList;
			buildConfigurations = (
				5831796C1ED810DD00D33416 /* Debug */,
				5831796D1ED810DD00D33416 /* Release */,
			);
			defaultConfigurationIsVisible = 0;
			defaultConfigurationName = Release;
		};
/* End XCConfigurationList section */
	};
	rootObject = 5831794C1ED810DD00D33416 /* Project object */;
}
